
Microsoft Visual Studio Solution File, Format Version 12.00
# Visual Studio Version 17
VisualStudioVersion = 17.5.33516.290
MinimumVisualStudioVersion = 10.0.40219.1
Project("{9A19103F-16F7-4668-BE54-9A1E7A4F7556}") = "PhonesWebApplicationMVC", "PhonesWebApplicationMVC\PhonesWebApplicationMVC.csproj", "{456A9E7D-73E5-42DE-9B28-3A040564C138}"
EndProject
Project("{9A19103F-16F7-4668-BE54-9A1E7A4F7556}") = "PhonesWebApplication.Database", "PhonesWebApplication.Database\PhonesWebApplication.Database.csproj", "{05BB4B65-BCFF-4E27-8A82-6FACEA50E70F}"
EndProject
Project("{9A19103F-16F7-4668-BE54-9A1E7A4F7556}") = "PhonesWebApplication.Models", "PhonesWebApplication.Models\PhonesWebApplication.Models.csproj", "{78CEFE43-1E6C-42CE-AAB7-EB5DC9DF42C5}"
EndProject
Project("{9A19103F-16F7-4668-BE54-9A1E7A4F7556}") = "PhonesWebApplication.Services", "PhonesWebApplication.Services\PhonesWebApplication.Services.csproj", "{4A248DCB-4ED4-4516-92CB-1ABA7745E22B}"
EndProject
Global
	GlobalSection(SolutionConfigurationPlatforms) = preSolution
		Debug|Any CPU = Debug|Any CPU
		Release|Any CPU = Release|Any CPU
	EndGlobalSection
	GlobalSection(ProjectConfigurationPlatforms) = postSolution
		{456A9E7D-73E5-42DE-9B28-3A040564C138}.Debug|Any CPU.ActiveCfg = Debug|Any CPU
		{456A9E7D-73E5-42DE-9B28-3A040564C138}.Debug|Any CPU.Build.0 = Debug|Any CPU
		{456A9E7D-73E5-42DE-9B28-3A040564C138}.Release|Any CPU.ActiveCfg = Release|Any CPU
		{456A9E7D-73E5-42DE-9B28-3A040564C138}.Release|Any CPU.Build.0 = Release|Any CPU
		{05BB4B65-BCFF-4E27-8A82-6FACEA50E70F}.Debug|Any CPU.ActiveCfg = Debug|Any CPU
		{05BB4B65-BCFF-4E27-8A82-6FACEA50E70F}.Debug|Any CPU.Build.0 = Debug|Any CPU
		{05BB4B65-BCFF-4E27-8A82-6FACEA50E70F}.Release|Any CPU.ActiveCfg = Release|Any CPU
		{05BB4B65-BCFF-4E27-8A82-6FACEA50E70F}.Release|Any CPU.Build.0 = Release|Any CPU
		{78CEFE43-1E6C-42CE-AAB7-EB5DC9DF42C5}.Debug|Any CPU.ActiveCfg = Debug|Any CPU
		{78CEFE43-1E6C-42CE-AAB7-EB5DC9DF42C5}.Debug|Any CPU.Build.0 = Debug|Any CPU
		{78CEFE43-1E6C-42CE-AAB7-EB5DC9DF42C5}.Release|Any CPU.ActiveCfg = Release|Any CPU
		{78CEFE43-1E6C-42CE-AAB7-EB5DC9DF42C5}.Release|Any CPU.Build.0 = Release|Any CPU
		{4A248DCB-4ED4-4516-92CB-1ABA7745E22B}.Debug|Any CPU.ActiveCfg = Debug|Any CPU
		{4A248DCB-4ED4-4516-92CB-1ABA7745E22B}.Debug|Any CPU.Build.0 = Debug|Any CPU
		{4A248DCB-4ED4-4516-92CB-1ABA7745E22B}.Release|Any CPU.ActiveCfg = Release|Any CPU
		{4A248DCB-4ED4-4516-92CB-1ABA7745E22B}.Release|Any CPU.Build.0 = Release|Any CPU
	EndGlobalSection
	GlobalSection(SolutionProperties) = preSolution
		HideSolutionNode = FALSE
	EndGlobalSection
EndGlobal
