
Microsoft Visual Studio Solution File, Format Version 12.00
# Visual Studio Version 16
VisualStudioVersion = 25.0.1705.5
MinimumVisualStudioVersion = 10.0.40219.1
Project("{FAE04EC0-301F-11D3-BF4B-00C04F79EFBC}") = "PhonesWebApplicationMVC", "PhonesWebApplicationMVC.csproj", "{01CA0728-F8BF-471F-98FC-F880A185BC70}"
EndProject
Global
	GlobalSection(SolutionConfigurationPlatforms) = preSolution
		Debug|Any CPU = Debug|Any CPU
		Release|Any CPU = Release|Any CPU
	EndGlobalSection
	GlobalSection(ProjectConfigurationPlatforms) = postSolution
		{01CA0728-F8BF-471F-98FC-F880A185BC70}.Debug|Any CPU.ActiveCfg = Debug|Any CPU
		{01CA0728-F8BF-471F-98FC-F880A185BC70}.Debug|Any CPU.Build.0 = Debug|Any CPU
		{01CA0728-F8BF-471F-98FC-F880A185BC70}.Release|Any CPU.ActiveCfg = Release|Any CPU
		{01CA0728-F8BF-471F-98FC-F880A185BC70}.Release|Any CPU.Build.0 = Release|Any CPU
	EndGlobalSection
	GlobalSection(SolutionProperties) = preSolution
		HideSolutionNode = FALSE
	EndGlobalSection
	GlobalSection(ExtensibilityGlobals) = postSolution
		SolutionGuid = {2167968F-603A-4393-8EF4-DD69828AAE71}
	EndGlobalSection
EndGlobal
